
Microsoft Visual Studio Solution File, Format Version 12.00
# Visual Studio 15
VisualStudioVersion = 15.0.27130.2027
MinimumVisualStudioVersion = 10.0.40219.1
Project("{FAE04EC0-301F-11D3-BF4B-00C04F79EFBC}") = "BuilderPattern", "BuilderPattern\BuilderPattern.csproj", "{4868D8A2-7DF9-4EB0-880E-48E71D99CD72}"
EndProject
Global
	GlobalSection(SolutionConfigurationPlatforms) = preSolution
		Debug|Any CPU = Debug|Any CPU
		Release|Any CPU = Release|Any CPU
	EndGlobalSection
	GlobalSection(ProjectConfigurationPlatforms) = postSolution
		{4868D8A2-7DF9-4EB0-880E-48E71D99CD72}.Debug|Any CPU.ActiveCfg = Debug|Any CPU
		{4868D8A2-7DF9-4EB0-880E-48E71D99CD72}.Debug|Any CPU.Build.0 = Debug|Any CPU
		{4868D8A2-7DF9-4EB0-880E-48E71D99CD72}.Release|Any CPU.ActiveCfg = Release|Any CPU
		{4868D8A2-7DF9-4EB0-880E-48E71D99CD72}.Release|Any CPU.Build.0 = Release|Any CPU
	EndGlobalSection
	GlobalSection(SolutionProperties) = preSolution
		HideSolutionNode = FALSE
	EndGlobalSection
	GlobalSection(ExtensibilityGlobals) = postSolution
		SolutionGuid = {58BE6D3C-51F3-4CA8-81A2-5B1AA02803AE}
	EndGlobalSection
EndGlobal
